%{
  "cowboy": {:hex, :cowboy, "2.9.0", "865dd8b6607e14cf03282e10e934023a1bd8be6f6bacf921a7e2a96d800cd452", [:make, :rebar3], [{:cowlib, "2.11.0", [hex: :cowlib, repo: "hexpm", optional: false]}, {:ranch, "1.8.0", [hex: :ranch, repo: "hexpm", optional: false]}], "hexpm", "2c729f934b4e1aa149aff882f57c6372c15399a20d54f65c8d67bef583021bde"},
  "cowlib": {:hex, :cowlib, "2.11.0", "0b9ff9c346629256c42ebe1eeb769a83c6cb771a6ee5960bd110ab0b9b872063", [:make, :rebar3], [], "hexpm", "2b3e9da0b21c4565751a6d4901c20d1b4cc25cbb7fd50d91d2ab6dd287bc86a9"},
  "gproc": {:hex, :gproc, "0.9.0", "853ccb7805e9ada25d227a157ba966f7b34508f386a3e7e21992b1b484230699", [:rebar3], [], "hexpm", "587e8af698ccd3504cf4ba8d90f893ede2b0f58cabb8a916e2bf9321de3cf10b"},
  "jsx": {:hex, :jsx, "3.1.0", "d12516baa0bb23a59bb35dccaf02a1bd08243fcbb9efe24f2d9d056ccff71268", [:rebar3], [], "hexpm", "0c5cc8fdc11b53cc25cf65ac6705ad39e54ecc56d1c22e4adb8f5a53fb9427f3"},
  "purerl_alias": {:hex, :purerl_alias, "0.1.6", "0a3a1795f8d829972366f77f5d6dce9023ed6466ee71d33ac8c0c195181bec2c", [:mix], [], "hexpm", "652b52dedc24e04ac2932594af59db66c0ff58730f8243c4dd466a6088525622"},
  "purerl_test": {:hex, :purerl_test, "0.1.8", "991e7375d35d7084d8eb736eeb7d7480b949de984e234ca311a644d5064f44b8", [:mix], [{:gproc, "~> 0.9.0", [hex: :gproc, repo: "hexpm", optional: false]}, {:purerl_alias, "~> 0.1.6", [hex: :purerl_alias, repo: "hexpm", optional: false]}], "hexpm", "0dc71c77e3ce8e80254a80dd313c99498de95ac6e9460514d72307916e4d32d1"},
  "purerlex": {:hex, :purerlex, "0.4.2", "96e8a6988f5b4e91e713cc5c04f5f768f46fd39539f7dc61c8182f439669c31d", [:mix], [], "hexpm", "303d02b8f29199612cacdecbd6aca7c27b9423f94d6982c6bac56bc326e24103"},
  "ranch": {:hex, :ranch, "1.8.0", "8c7a100a139fd57f17327b6413e4167ac559fbc04ca7448e9be9057311597a1d", [:make, :rebar3], [], "hexpm", "49fbcfd3682fab1f5d109351b61257676da1a2fdbe295904176d5e521a2ddfe5"},
}
